// !$*UTF8*$!
{
	archiveVersion = 1;
	classes = {
	};
	objectVersion = 50;
	objects = {

/* Begin PBXBuildFile section */
		7909FCE32459BEAB009B7DE6 /* _Author.m in Sources */ = {isa = PBXBuildFile; fileRef = 7909FCE02459BEAB009B7DE6 /* _Author.m */; };
		7909FCE42459BEAB009B7DE6 /* Author.m in Sources */ = {isa = PBXBuildFile; fileRef = 7909FCE12459BEAB009B7DE6 /* Author.m */; };
		7909FCEB245A98D2009B7DE6 /* Book1ToBook2MigrationPolicy.m in Sources */ = {isa = PBXBuildFile; fileRef = 7909FCEA245A98D2009B7DE6 /* Book1ToBook2MigrationPolicy.m */; };
		7995211D245C473B00D0E2A4 /* V1V2Model.xcmappingmodel in Sources */ = {isa = PBXBuildFile; fileRef = 7995211C245C473B00D0E2A4 /* V1V2Model.xcmappingmodel */; };
		79C5C9BB2451C83B0051D0AE /* AppDelegate.m in Sources */ = {isa = PBXBuildFile; fileRef = 79C5C9BA2451C83B0051D0AE /* AppDelegate.m */; };
		79C5C9BE2451C83B0051D0AE /* SceneDelegate.m in Sources */ = {isa = PBXBuildFile; fileRef = 79C5C9BD2451C83B0051D0AE /* SceneDelegate.m */; };
		79C5C9C12451C83B0051D0AE /* CDTViewController.m in Sources */ = {isa = PBXBuildFile; fileRef = 79C5C9C02451C83B0051D0AE /* CDTViewController.m */; };
		79C5C9C42451C83B0051D0AE /* Main.storyboard in Resources */ = {isa = PBXBuildFile; fileRef = 79C5C9C22451C83B0051D0AE /* Main.storyboard */; };
		79C5C9C72451C83B0051D0AE /* CoreDataTraining.xcdatamodeld in Sources */ = {isa = PBXBuildFile; fileRef = 79C5C9C52451C83B0051D0AE /* CoreDataTraining.xcdatamodeld */; };
		79C5C9C92451C83F0051D0AE /* Assets.xcassets in Resources */ = {isa = PBXBuildFile; fileRef = 79C5C9C82451C83F0051D0AE /* Assets.xcassets */; };
		79C5C9CC2451C83F0051D0AE /* LaunchScreen.storyboard in Resources */ = {isa = PBXBuildFile; fileRef = 79C5C9CA2451C83F0051D0AE /* LaunchScreen.storyboard */; };
		79C5C9CF2451C83F0051D0AE /* main.m in Sources */ = {isa = PBXBuildFile; fileRef = 79C5C9CE2451C83F0051D0AE /* main.m */; };
		79C5C9D82455D7AE0051D0AE /* Default-568h@2x.png in Resources */ = {isa = PBXBuildFile; fileRef = 79C5C9D72455D7AE0051D0AE /* Default-568h@2x.png */; };
		79C5C9E32456D9180051D0AE /* CDTBooksCollectionViewCell.m in Sources */ = {isa = PBXBuildFile; fileRef = 79C5C9E02456D9180051D0AE /* CDTBooksCollectionViewCell.m */; };
		79C5C9E42456D9180051D0AE /* CDTBooksCollectionViewCell.xib in Resources */ = {isa = PBXBuildFile; fileRef = 79C5C9E12456D9180051D0AE /* CDTBooksCollectionViewCell.xib */; };
		79CD808324586F190057EED2 /* _Book.m in Sources */ = {isa = PBXBuildFile; fileRef = 79CD808024586F180057EED2 /* _Book.m */; };
		79CD808424586F190057EED2 /* Book.m in Sources */ = {isa = PBXBuildFile; fileRef = 79CD808124586F180057EED2 /* Book.m */; };
/* End PBXBuildFile section */

/* Begin PBXFileReference section */
		7909FCDF2459BEAB009B7DE6 /* Author.h */ = {isa = PBXFileReference; fileEncoding = 4; lastKnownFileType = sourcecode.c.h; path = Author.h; sourceTree = "<group>"; };
		7909FCE02459BEAB009B7DE6 /* _Author.m */ = {isa = PBXFileReference; fileEncoding = 4; lastKnownFileType = sourcecode.c.objc; path = _Author.m; sourceTree = "<group>"; };
		7909FCE12459BEAB009B7DE6 /* Author.m */ = {isa = PBXFileReference; fileEncoding = 4; lastKnownFileType = sourcecode.c.objc; path = Author.m; sourceTree = "<group>"; };
		7909FCE22459BEAB009B7DE6 /* _Author.h */ = {isa = PBXFileReference; fileEncoding = 4; lastKnownFileType = sourcecode.c.h; path = _Author.h; sourceTree = "<group>"; };
		7909FCE52459CFA1009B7DE6 /* CoreDataTraining 2.xcdatamodel */ = {isa = PBXFileReference; lastKnownFileType = wrapper.xcdatamodel; path = "CoreDataTraining 2.xcdatamodel"; sourceTree = "<group>"; };
		7909FCE9245A95CB009B7DE6 /* Book1ToBook2MigrationPolicy.h */ = {isa = PBXFileReference; lastKnownFileType = sourcecode.c.h; path = Book1ToBook2MigrationPolicy.h; sourceTree = "<group>"; };
		7909FCEA245A98D2009B7DE6 /* Book1ToBook2MigrationPolicy.m */ = {isa = PBXFileReference; lastKnownFileType = sourcecode.c.objc; path = Book1ToBook2MigrationPolicy.m; sourceTree = "<group>"; };
		7995211C245C473B00D0E2A4 /* V1V2Model.xcmappingmodel */ = {isa = PBXFileReference; lastKnownFileType = wrapper.xcmappingmodel; path = V1V2Model.xcmappingmodel; sourceTree = "<group>"; };
		79C5C9B62451C83B0051D0AE /* CoreDataTraining.app */ = {isa = PBXFileReference; explicitFileType = wrapper.application; includeInIndex = 0; path = CoreDataTraining.app; sourceTree = BUILT_PRODUCTS_DIR; };
		79C5C9B92451C83B0051D0AE /* AppDelegate.h */ = {isa = PBXFileReference; lastKnownFileType = sourcecode.c.h; path = AppDelegate.h; sourceTree = "<group>"; };
		79C5C9BA2451C83B0051D0AE /* AppDelegate.m */ = {isa = PBXFileReference; lastKnownFileType = sourcecode.c.objc; path = AppDelegate.m; sourceTree = "<group>"; };
		79C5C9BC2451C83B0051D0AE /* SceneDelegate.h */ = {isa = PBXFileReference; lastKnownFileType = sourcecode.c.h; path = SceneDelegate.h; sourceTree = "<group>"; };
		79C5C9BD2451C83B0051D0AE /* SceneDelegate.m */ = {isa = PBXFileReference; lastKnownFileType = sourcecode.c.objc; path = SceneDelegate.m; sourceTree = "<group>"; };
		79C5C9BF2451C83B0051D0AE /* CDTViewController.h */ = {isa = PBXFileReference; lastKnownFileType = sourcecode.c.h; path = CDTViewController.h; sourceTree = "<group>"; };
		79C5C9C02451C83B0051D0AE /* CDTViewController.m */ = {isa = PBXFileReference; lastKnownFileType = sourcecode.c.objc; path = CDTViewController.m; sourceTree = "<group>"; };
		79C5C9C32451C83B0051D0AE /* Base */ = {isa = PBXFileReference; lastKnownFileType = file.storyboard; name = Base; path = Base.lproj/Main.storyboard; sourceTree = "<group>"; };
		79C5C9C62451C83B0051D0AE /* CoreDataTraining.xcdatamodel */ = {isa = PBXFileReference; lastKnownFileType = wrapper.xcdatamodel; path = CoreDataTraining.xcdatamodel; sourceTree = "<group>"; };
		79C5C9C82451C83F0051D0AE /* Assets.xcassets */ = {isa = PBXFileReference; lastKnownFileType = folder.assetcatalog; path = Assets.xcassets; sourceTree = "<group>"; };
		79C5C9CB2451C83F0051D0AE /* Base */ = {isa = PBXFileReference; lastKnownFileType = file.storyboard; name = Base; path = Base.lproj/LaunchScreen.storyboard; sourceTree = "<group>"; };
		79C5C9CD2451C83F0051D0AE /* Info.plist */ = {isa = PBXFileReference; lastKnownFileType = text.plist.xml; path = Info.plist; sourceTree = "<group>"; };
		79C5C9CE2451C83F0051D0AE /* main.m */ = {isa = PBXFileReference; lastKnownFileType = sourcecode.c.objc; path = main.m; sourceTree = "<group>"; };
		79C5C9D72455D7AE0051D0AE /* Default-568h@2x.png */ = {isa = PBXFileReference; lastKnownFileType = image.png; path = "Default-568h@2x.png"; sourceTree = "<group>"; };
		79C5C9E02456D9180051D0AE /* CDTBooksCollectionViewCell.m */ = {isa = PBXFileReference; fileEncoding = 4; lastKnownFileType = sourcecode.c.objc; path = CDTBooksCollectionViewCell.m; sourceTree = "<group>"; };
		79C5C9E12456D9180051D0AE /* CDTBooksCollectionViewCell.xib */ = {isa = PBXFileReference; fileEncoding = 4; lastKnownFileType = file.xib; path = CDTBooksCollectionViewCell.xib; sourceTree = "<group>"; };
		79C5C9E22456D9180051D0AE /* CDTBooksCollectionViewCell.h */ = {isa = PBXFileReference; fileEncoding = 4; lastKnownFileType = sourcecode.c.h; path = CDTBooksCollectionViewCell.h; sourceTree = "<group>"; };
		79CD807F24586F180057EED2 /* Book.h */ = {isa = PBXFileReference; fileEncoding = 4; lastKnownFileType = sourcecode.c.h; path = Book.h; sourceTree = "<group>"; };
		79CD808024586F180057EED2 /* _Book.m */ = {isa = PBXFileReference; fileEncoding = 4; lastKnownFileType = sourcecode.c.objc; path = _Book.m; sourceTree = "<group>"; };
		79CD808124586F180057EED2 /* Book.m */ = {isa = PBXFileReference; fileEncoding = 4; lastKnownFileType = sourcecode.c.objc; path = Book.m; sourceTree = "<group>"; };
		79CD808224586F180057EED2 /* _Book.h */ = {isa = PBXFileReference; fileEncoding = 4; lastKnownFileType = sourcecode.c.h; path = _Book.h; sourceTree = "<group>"; };
/* End PBXFileReference section */

/* Begin PBXFrameworksBuildPhase section */
		79C5C9B32451C83B0051D0AE /* Frameworks */ = {
			isa = PBXFrameworksBuildPhase;
			buildActionMask = 2147483647;
			files = (
			);
			runOnlyForDeploymentPostprocessing = 0;
		};
/* End PBXFrameworksBuildPhase section */

/* Begin PBXGroup section */
		7909FCE8245A95B7009B7DE6 /* MigrationPolicies */ = {
			isa = PBXGroup;
			children = (
				7909FCE9245A95CB009B7DE6 /* Book1ToBook2MigrationPolicy.h */,
				7909FCEA245A98D2009B7DE6 /* Book1ToBook2MigrationPolicy.m */,
			);
			path = MigrationPolicies;
			sourceTree = "<group>";
		};
		79C5C9AD2451C83B0051D0AE = {
			isa = PBXGroup;
			children = (
				79C5C9D72455D7AE0051D0AE /* Default-568h@2x.png */,
				79C5C9B82451C83B0051D0AE /* CoreDataTraining */,
				79C5C9BF2451C83B0051D0AE /* CDTViewController.h */,
				79C5C9C02451C83B0051D0AE /* CDTViewController.m */,
				79C5C9C52451C83B0051D0AE /* CoreDataTraining.xcdatamodeld */,
				7995211C245C473B00D0E2A4 /* V1V2Model.xcmappingmodel */,
				79C5C9CE2451C83F0051D0AE /* main.m */,
				79C5C9C82451C83F0051D0AE /* Assets.xcassets */,
				79C5C9B72451C83B0051D0AE /* Products */,
			);
			sourceTree = "<group>";
		};
		79C5C9B72451C83B0051D0AE /* Products */ = {
			isa = PBXGroup;
			children = (
				79C5C9B62451C83B0051D0AE /* CoreDataTraining.app */,
			);
			name = Products;
			sourceTree = "<group>";
		};
		79C5C9B82451C83B0051D0AE /* CoreDataTraining */ = {
			isa = PBXGroup;
			children = (
				7909FCE8245A95B7009B7DE6 /* MigrationPolicies */,
				79C5C9DF2456D9180051D0AE /* BooksCollectionViewCell */,
				79CD807E24586F180057EED2 /* Model */,
				79C5C9D62455D3C10051D0AE /* Storyboards */,
				79C5C9D52455D3AA0051D0AE /* SupportingFiles */,
			);
			path = CoreDataTraining;
			sourceTree = "<group>";
		};
		79C5C9D52455D3AA0051D0AE /* SupportingFiles */ = {
			isa = PBXGroup;
			children = (
				79C5C9B92451C83B0051D0AE /* AppDelegate.h */,
				79C5C9BA2451C83B0051D0AE /* AppDelegate.m */,
				79C5C9BC2451C83B0051D0AE /* SceneDelegate.h */,
				79C5C9BD2451C83B0051D0AE /* SceneDelegate.m */,
				79C5C9CD2451C83F0051D0AE /* Info.plist */,
			);
			path = SupportingFiles;
			sourceTree = "<group>";
		};
		79C5C9D62455D3C10051D0AE /* Storyboards */ = {
			isa = PBXGroup;
			children = (
				79C5C9C22451C83B0051D0AE /* Main.storyboard */,
				79C5C9CA2451C83F0051D0AE /* LaunchScreen.storyboard */,
			);
			path = Storyboards;
			sourceTree = "<group>";
		};
		79C5C9DF2456D9180051D0AE /* BooksCollectionViewCell */ = {
			isa = PBXGroup;
			children = (
				79C5C9E22456D9180051D0AE /* CDTBooksCollectionViewCell.h */,
				79C5C9E02456D9180051D0AE /* CDTBooksCollectionViewCell.m */,
				79C5C9E12456D9180051D0AE /* CDTBooksCollectionViewCell.xib */,
			);
			path = BooksCollectionViewCell;
			sourceTree = "<group>";
		};
		79CD807E24586F180057EED2 /* Model */ = {
			isa = PBXGroup;
			children = (
				7909FCE22459BEAB009B7DE6 /* _Author.h */,
				7909FCE02459BEAB009B7DE6 /* _Author.m */,
				7909FCDF2459BEAB009B7DE6 /* Author.h */,
				7909FCE12459BEAB009B7DE6 /* Author.m */,
				79CD808224586F180057EED2 /* _Book.h */,
				79CD808024586F180057EED2 /* _Book.m */,
				79CD807F24586F180057EED2 /* Book.h */,
				79CD808124586F180057EED2 /* Book.m */,
			);
			path = Model;
			sourceTree = "<group>";
		};
/* End PBXGroup section */

/* Begin PBXNativeTarget section */
		79C5C9B52451C83B0051D0AE /* CoreDataTraining */ = {
			isa = PBXNativeTarget;
			buildConfigurationList = 79C5C9D22451C83F0051D0AE /* Build configuration list for PBXNativeTarget "CoreDataTraining" */;
			buildPhases = (
				79C5C9B22451C83B0051D0AE /* Sources */,
				79C5C9B32451C83B0051D0AE /* Frameworks */,
				79C5C9B42451C83B0051D0AE /* Resources */,
			);
			buildRules = (
			);
			dependencies = (
			);
			name = CoreDataTraining;
			productName = CoreDataTraining;
			productReference = 79C5C9B62451C83B0051D0AE /* CoreDataTraining.app */;
			productType = "com.apple.product-type.application";
		};
/* End PBXNativeTarget section */

/* Begin PBXProject section */
		79C5C9AE2451C83B0051D0AE /* Project object */ = {
			isa = PBXProject;
			attributes = {
				LastUpgradeCheck = 1140;
				ORGANIZATIONNAME = shteffen;
				TargetAttributes = {
					79C5C9B52451C83B0051D0AE = {
						CreatedOnToolsVersion = 11.4.1;
					};
				};
			};
			buildConfigurationList = 79C5C9B12451C83B0051D0AE /* Build configuration list for PBXProject "CoreDataTraining" */;
			compatibilityVersion = "Xcode 9.3";
			developmentRegion = en;
			hasScannedForEncodings = 0;
			knownRegions = (
				en,
				Base,
			);
			mainGroup = 79C5C9AD2451C83B0051D0AE;
			productRefGroup = 79C5C9B72451C83B0051D0AE /* Products */;
			projectDirPath = "";
			projectRoot = "";
			targets = (
				79C5C9B52451C83B0051D0AE /* CoreDataTraining */,
			);
		};
/* End PBXProject section */

/* Begin PBXResourcesBuildPhase section */
		79C5C9B42451C83B0051D0AE /* Resources */ = {
			isa = PBXResourcesBuildPhase;
			buildActionMask = 2147483647;
			files = (
				79C5C9E42456D9180051D0AE /* CDTBooksCollectionViewCell.xib in Resources */,
				79C5C9CC2451C83F0051D0AE /* LaunchScreen.storyboard in Resources */,
				79C5C9D82455D7AE0051D0AE /* Default-568h@2x.png in Resources */,
				79C5C9C92451C83F0051D0AE /* Assets.xcassets in Resources */,
				79C5C9C42451C83B0051D0AE /* Main.storyboard in Resources */,
			);
			runOnlyForDeploymentPostprocessing = 0;
		};
/* End PBXResourcesBuildPhase section */

/* Begin PBXSourcesBuildPhase section */
		79C5C9B22451C83B0051D0AE /* Sources */ = {
			isa = PBXSourcesBuildPhase;
			buildActionMask = 2147483647;
			files = (
				79C5C9CF2451C83F0051D0AE /* main.m in Sources */,
				79CD808424586F190057EED2 /* Book.m in Sources */,
				79C5C9C72451C83B0051D0AE /* CoreDataTraining.xcdatamodeld in Sources */,
				79C5C9C12451C83B0051D0AE /* CDTViewController.m in Sources */,
				7909FCE42459BEAB009B7DE6 /* Author.m in Sources */,
				7909FCE32459BEAB009B7DE6 /* _Author.m in Sources */,
				79CD808324586F190057EED2 /* _Book.m in Sources */,
				79C5C9BB2451C83B0051D0AE /* AppDelegate.m in Sources */,
				79C5C9BE2451C83B0051D0AE /* SceneDelegate.m in Sources */,
				7909FCEB245A98D2009B7DE6 /* Book1ToBook2MigrationPolicy.m in Sources */,
				79C5C9E32456D9180051D0AE /* CDTBooksCollectionViewCell.m in Sources */,
				7995211D245C473B00D0E2A4 /* V1V2Model.xcmappingmodel in Sources */,
			);
			runOnlyForDeploymentPostprocessing = 0;
		};
/* End PBXSourcesBuildPhase section */

/* Begin PBXVariantGroup section */
		79C5C9C22451C83B0051D0AE /* Main.storyboard */ = {
			isa = PBXVariantGroup;
			children = (
				79C5C9C32451C83B0051D0AE /* Base */,
			);
			name = Main.storyboard;
			sourceTree = "<group>";
		};
		79C5C9CA2451C83F0051D0AE /* LaunchScreen.storyboard */ = {
			isa = PBXVariantGroup;
			children = (
				79C5C9CB2451C83F0051D0AE /* Base */,
			);
			name = LaunchScreen.storyboard;
			sourceTree = "<group>";
		};
/* End PBXVariantGroup section */

/* Begin XCBuildConfiguration section */
		79C5C9D02451C83F0051D0AE /* Debug */ = {
			isa = XCBuildConfiguration;
			buildSettings = {
				ALWAYS_SEARCH_USER_PATHS = NO;
				CLANG_ANALYZER_NONNULL = YES;
				CLANG_ANALYZER_NUMBER_OBJECT_CONVERSION = YES_AGGRESSIVE;
				CLANG_CXX_LANGUAGE_STANDARD = "gnu++14";
				CLANG_CXX_LIBRARY = "libc++";
				CLANG_ENABLE_MODULES = YES;
				CLANG_ENABLE_OBJC_ARC = YES;
				CLANG_ENABLE_OBJC_WEAK = YES;
				CLANG_WARN_BLOCK_CAPTURE_AUTORELEASING = YES;
				CLANG_WARN_BOOL_CONVERSION = YES;
				CLANG_WARN_COMMA = YES;
				CLANG_WARN_CONSTANT_CONVERSION = YES;
				CLANG_WARN_DEPRECATED_OBJC_IMPLEMENTATIONS = YES;
				CLANG_WARN_DIRECT_OBJC_ISA_USAGE = YES_ERROR;
				CLANG_WARN_DOCUMENTATION_COMMENTS = YES;
				CLANG_WARN_EMPTY_BODY = YES;
				CLANG_WARN_ENUM_CONVERSION = YES;
				CLANG_WARN_INFINITE_RECURSION = YES;
				CLANG_WARN_INT_CONVERSION = YES;
				CLANG_WARN_NON_LITERAL_NULL_CONVERSION = YES;
				CLANG_WARN_OBJC_IMPLICIT_RETAIN_SELF = YES;
				CLANG_WARN_OBJC_LITERAL_CONVERSION = YES;
				CLANG_WARN_OBJC_ROOT_CLASS = YES_ERROR;
				CLANG_WARN_RANGE_LOOP_ANALYSIS = YES;
				CLANG_WARN_STRICT_PROTOTYPES = YES;
				CLANG_WARN_SUSPICIOUS_MOVE = YES;
				CLANG_WARN_UNGUARDED_AVAILABILITY = YES_AGGRESSIVE;
				CLANG_WARN_UNREACHABLE_CODE = YES;
				CLANG_WARN__DUPLICATE_METHOD_MATCH = YES;
				COPY_PHASE_STRIP = NO;
				DEBUG_INFORMATION_FORMAT = dwarf;
				ENABLE_STRICT_OBJC_MSGSEND = YES;
				ENABLE_TESTABILITY = YES;
				GCC_C_LANGUAGE_STANDARD = gnu11;
				GCC_DYNAMIC_NO_PIC = NO;
				GCC_NO_COMMON_BLOCKS = YES;
				GCC_OPTIMIZATION_LEVEL = 0;
				GCC_PREPROCESSOR_DEFINITIONS = (
					"DEBUG=1",
					"$(inherited)",
				);
				GCC_WARN_64_TO_32_BIT_CONVERSION = YES;
				GCC_WARN_ABOUT_RETURN_TYPE = YES_ERROR;
				GCC_WARN_UNDECLARED_SELECTOR = YES;
				GCC_WARN_UNINITIALIZED_AUTOS = YES_AGGRESSIVE;
				GCC_WARN_UNUSED_FUNCTION = YES;
				GCC_WARN_UNUSED_VARIABLE = YES;
				IPHONEOS_DEPLOYMENT_TARGET = 13.4;
				MTL_ENABLE_DEBUG_INFO = INCLUDE_SOURCE;
				MTL_FAST_MATH = YES;
				ONLY_ACTIVE_ARCH = YES;
				SDKROOT = iphoneos;
			};
			name = Debug;
		};
		79C5C9D12451C83F0051D0AE /* Release */ = {
			isa = XCBuildConfiguration;
			buildSettings = {
				ALWAYS_SEARCH_USER_PATHS = NO;
				CLANG_ANALYZER_NONNULL = YES;
				CLANG_ANALYZER_NUMBER_OBJECT_CONVERSION = YES_AGGRESSIVE;
				CLANG_CXX_LANGUAGE_STANDARD = "gnu++14";
				CLANG_CXX_LIBRARY = "libc++";
				CLANG_ENABLE_MODULES = YES;
				CLANG_ENABLE_OBJC_ARC = YES;
				CLANG_ENABLE_OBJC_WEAK = YES;
				CLANG_WARN_BLOCK_CAPTURE_AUTORELEASING = YES;
				CLANG_WARN_BOOL_CONVERSION = YES;
				CLANG_WARN_COMMA = YES;
				CLANG_WARN_CONSTANT_CONVERSION = YES;
				CLANG_WARN_DEPRECATED_OBJC_IMPLEMENTATIONS = YES;
				CLANG_WARN_DIRECT_OBJC_ISA_USAGE = YES_ERROR;
				CLANG_WARN_DOCUMENTATION_COMMENTS = YES;
				CLANG_WARN_EMPTY_BODY = YES;
				CLANG_WARN_ENUM_CONVERSION = YES;
				CLANG_WARN_INFINITE_RECURSION = YES;
				CLANG_WARN_INT_CONVERSION = YES;
				CLANG_WARN_NON_LITERAL_NULL_CONVERSION = YES;
				CLANG_WARN_OBJC_IMPLICIT_RETAIN_SELF = YES;
				CLANG_WARN_OBJC_LITERAL_CONVERSION = YES;
				CLANG_WARN_OBJC_ROOT_CLASS = YES_ERROR;
				CLANG_WARN_RANGE_LOOP_ANALYSIS = YES;
				CLANG_WARN_STRICT_PROTOTYPES = YES;
				CLANG_WARN_SUSPICIOUS_MOVE = YES;
				CLANG_WARN_UNGUARDED_AVAILABILITY = YES_AGGRESSIVE;
				CLANG_WARN_UNREACHABLE_CODE = YES;
				CLANG_WARN__DUPLICATE_METHOD_MATCH = YES;
				COPY_PHASE_STRIP = NO;
				DEBUG_INFORMATION_FORMAT = "dwarf-with-dsym";
				ENABLE_NS_ASSERTIONS = NO;
				ENABLE_STRICT_OBJC_MSGSEND = YES;
				GCC_C_LANGUAGE_STANDARD = gnu11;
				GCC_NO_COMMON_BLOCKS = YES;
				GCC_WARN_64_TO_32_BIT_CONVERSION = YES;
				GCC_WARN_ABOUT_RETURN_TYPE = YES_ERROR;
				GCC_WARN_UNDECLARED_SELECTOR = YES;
				GCC_WARN_UNINITIALIZED_AUTOS = YES_AGGRESSIVE;
				GCC_WARN_UNUSED_FUNCTION = YES;
				GCC_WARN_UNUSED_VARIABLE = YES;
				IPHONEOS_DEPLOYMENT_TARGET = 13.4;
				MTL_ENABLE_DEBUG_INFO = NO;
				MTL_FAST_MATH = YES;
				SDKROOT = iphoneos;
				VALIDATE_PRODUCT = YES;
			};
			name = Release;
		};
		79C5C9D32451C83F0051D0AE /* Debug */ = {
			isa = XCBuildConfiguration;
			buildSettings = {
				ASSETCATALOG_COMPILER_APPICON_NAME = AppIcon;
				CODE_SIGN_STYLE = Automatic;
				DEVELOPMENT_TEAM = 7C9669A23T;
				INFOPLIST_FILE = CoreDataTraining/SupportingFiles/Info.plist;
				LD_RUNPATH_SEARCH_PATHS = (
					"$(inherited)",
					"@executable_path/Frameworks",
				);
				PRODUCT_BUNDLE_IDENTIFIER = shteffen.CoreDataTraining;
				PRODUCT_NAME = "$(TARGET_NAME)";
				TARGETED_DEVICE_FAMILY = "1,2";
			};
			name = Debug;
		};
		79C5C9D42451C83F0051D0AE /* Release */ = {
			isa = XCBuildConfiguration;
			buildSettings = {
				ASSETCATALOG_COMPILER_APPICON_NAME = AppIcon;
				CODE_SIGN_STYLE = Automatic;
				DEVELOPMENT_TEAM = 7C9669A23T;
				INFOPLIST_FILE = CoreDataTraining/SupportingFiles/Info.plist;
				LD_RUNPATH_SEARCH_PATHS = (
					"$(inherited)",
					"@executable_path/Frameworks",
				);
				PRODUCT_BUNDLE_IDENTIFIER = shteffen.CoreDataTraining;
				PRODUCT_NAME = "$(TARGET_NAME)";
				TARGETED_DEVICE_FAMILY = "1,2";
			};
			name = Release;
		};
/* End XCBuildConfiguration section */

/* Begin XCConfigurationList section */
		79C5C9B12451C83B0051D0AE /* Build configuration list for PBXProject "CoreDataTraining" */ = {
			isa = XCConfigurationList;
			buildConfigurations = (
				79C5C9D02451C83F0051D0AE /* Debug */,
				79C5C9D12451C83F0051D0AE /* Release */,
			);
			defaultConfigurationIsVisible = 0;
			defaultConfigurationName = Release;
		};
		79C5C9D22451C83F0051D0AE /* Build configuration list for PBXNativeTarget "CoreDataTraining" */ = {
			isa = XCConfigurationList;
			buildConfigurations = (
				79C5C9D32451C83F0051D0AE /* Debug */,
				79C5C9D42451C83F0051D0AE /* Release */,
			);
			defaultConfigurationIsVisible = 0;
			defaultConfigurationName = Release;
		};
/* End XCConfigurationList section */

/* Begin XCVersionGroup section */
		79C5C9C52451C83B0051D0AE /* CoreDataTraining.xcdatamodeld */ = {
			isa = XCVersionGroup;
			children = (
				7909FCE52459CFA1009B7DE6 /* CoreDataTraining 2.xcdatamodel */,
				79C5C9C62451C83B0051D0AE /* CoreDataTraining.xcdatamodel */,
			);
			currentVersion = 7909FCE52459CFA1009B7DE6 /* CoreDataTraining 2.xcdatamodel */;
			path = CoreDataTraining.xcdatamodeld;
			sourceTree = "<group>";
			versionGroupType = wrapper.xcdatamodel;
		};
/* End XCVersionGroup section */
	};
	rootObject = 79C5C9AE2451C83B0051D0AE /* Project object */;
}
